# THIS IS AN AUTOGENERATED FILE. DO NOT EDIT THIS FILE DIRECTLY.
# yarn lockfile v1


js-combinatorics@^0.5.4:
  version "0.5.4"
  resolved "https://registry.yarnpkg.com/js-combinatorics/-/js-combinatorics-0.5.4.tgz#c92916b8f8171b64ecd7c4435b72cfabc803c756"
  integrity sha512-PCqUIKGqv/Kjao1G4GE/Yni6QkCP2nWW3KnxL+8IGWPlP18vQpT8ufGMf4XUAAY8JHEryUCJbf51zG8329ntMg==
